Microsoft Visual Studio Solution File, Format Version 9.00
# Visual Studio 2005
Project("{8BC9CEB8-8B4A-11D0-8D11-00A0C91BC942}") = "itlAnalyticalPlacer", "itlAnalyticalPlacer.vcproj", "{EB6AF2EF-1483-4B1E-91A7-8D0B440AC624}"
EndProject
Project("{2150E333-8FDC-42A3-9474-1A3956D46DE8}") = "Solution Items", "Solution Items", "{506597B1-53F9-4B88-B624-BBF48E2E14C8}"
	ProjectSection(SolutionItems) = preProject
		HowToCompileTAO.txt = HowToCompileTAO.txt
		ImplementationLog.txt = ImplementationLog.txt
		tao_options.txt = tao_options.txt
		TODO.txt = TODO.txt
		usage.txt = usage.txt
	EndProjectSection
EndProject
Project("{8BC9CEB8-8B4A-11D0-8D11-00A0C91BC942}") = "Plotter", "..\Plotter\Plotter.vcproj", "{FD0792DF-4629-412F-A6E3-33688C00FC5A}"
EndProject
Global
	GlobalSection(SolutionConfigurationPlatforms) = preSolution
		Debug|Win32 = Debug|Win32
		Release|Win32 = Release|Win32
		Release4VTune|Win32 = Release4VTune|Win32
	EndGlobalSection
	GlobalSection(ProjectConfigurationPlatforms) = postSolution
		{EB6AF2EF-1483-4B1E-91A7-8D0B440AC624}.Debug|Win32.ActiveCfg = Debug|Win32
		{EB6AF2EF-1483-4B1E-91A7-8D0B440AC624}.Debug|Win32.Build.0 = Debug|Win32
		{EB6AF2EF-1483-4B1E-91A7-8D0B440AC624}.Release|Win32.ActiveCfg = Release|Win32
		{EB6AF2EF-1483-4B1E-91A7-8D0B440AC624}.Release|Win32.Build.0 = Release|Win32
		{EB6AF2EF-1483-4B1E-91A7-8D0B440AC624}.Release4VTune|Win32.ActiveCfg = Release4VTune|Win32
		{EB6AF2EF-1483-4B1E-91A7-8D0B440AC624}.Release4VTune|Win32.Build.0 = Release4VTune|Win32
		{FD0792DF-4629-412F-A6E3-33688C00FC5A}.Debug|Win32.ActiveCfg = Debug|Win32
		{FD0792DF-4629-412F-A6E3-33688C00FC5A}.Debug|Win32.Build.0 = Debug|Win32
		{FD0792DF-4629-412F-A6E3-33688C00FC5A}.Release|Win32.ActiveCfg = Release|Win32
		{FD0792DF-4629-412F-A6E3-33688C00FC5A}.Release|Win32.Build.0 = Release|Win32
		{FD0792DF-4629-412F-A6E3-33688C00FC5A}.Release4VTune|Win32.ActiveCfg = Release|Win32
		{FD0792DF-4629-412F-A6E3-33688C00FC5A}.Release4VTune|Win32.Build.0 = Release|Win32
	EndGlobalSection
	GlobalSection(SolutionProperties) = preSolution
		HideSolutionNode = FALSE
	EndGlobalSection
EndGlobal
