Microsoft Visual Studio Solution File, Format Version 9.00
# Visual Studio 2005
Project("{2150E333-8FDC-42A3-9474-1A3956D46DE8}") = "bin", "bin", "{FE002F2A-167C-4E85-A580-764CD95A0B3F}"
	ProjectSection(SolutionItems) = preProject
		..\bin\readme.txt = ..\bin\readme.txt
	EndProjectSection
EndProject
Project("{8BC9CEB8-8B4A-11D0-8D11-00A0C91BC942}") = "itlDragon", "..\itlDragon\itlDragon.vcproj", "{EB6AF2EF-1483-4B1E-91A7-8D0B440AC624}"
EndProject
Global
	GlobalSection(SolutionConfigurationPlatforms) = preSolution
		Debug|Win32 = Debug|Win32
		Release|Win32 = Release|Win32
	EndGlobalSection
	GlobalSection(ProjectConfigurationPlatforms) = postSolution
		{EB6AF2EF-1483-4B1E-91A7-8D0B440AC624}.Debug|Win32.ActiveCfg = Debug|Win32
		{EB6AF2EF-1483-4B1E-91A7-8D0B440AC624}.Debug|Win32.Build.0 = Debug|Win32
		{EB6AF2EF-1483-4B1E-91A7-8D0B440AC624}.Release|Win32.ActiveCfg = Release|Win32
		{EB6AF2EF-1483-4B1E-91A7-8D0B440AC624}.Release|Win32.Build.0 = Release|Win32
	EndGlobalSection
	GlobalSection(SolutionProperties) = preSolution
		HideSolutionNode = FALSE
	EndGlobalSection
EndGlobal
