Microsoft Visual Studio Solution File, Format Version 9.00
# Visual Studio 2005
Project("{2150E333-8FDC-42A3-9474-1A3956D46DE8}") = "bin", "bin", "{FE002F2A-167C-4E85-A580-764CD95A0B3F}"
	ProjectSection(SolutionItems) = preProject
		..\bin\readme.txt = ..\bin\readme.txt
	EndProjectSection
EndProject
Project("{8BC9CEB8-8B4A-11D0-8D11-00A0C91BC942}") = "itlDragon", "..\itlDragon\itlDragon.vcproj", "{EB6AF2EF-1483-4B1E-91A7-8D0B440AC624}"
EndProject
Project("{8BC9CEB8-8B4A-11D0-8D11-00A0C91BC942}") = "itlDragonTest", "..\test\itlDragonTest\itlDragonTest.vcproj", "{3819B60D-FDCF-4DDF-B213-6EAC216E3285}"
EndProject
Global
	GlobalSection(SourceCodeControl) = preSolution
		SccNumberOfProjects = 3
		SccProjectName0 = \u0022$/itlDragon\u0020placer\u0022,\u0020LQAAAAAA
		SccLocalPath0 = ..
		SccProvider0 = MSSCCI:Microsoft\u0020Visual\u0020SourceSafe
		SccProjectFilePathRelativizedFromConnection0 = make\\
		SccProjectUniqueName1 = ..\\itlDragon\\itlDragon.vcproj
		SccLocalPath1 = ..
		SccProjectFilePathRelativizedFromConnection1 = itlDragon\\
		SccProjectUniqueName2 = ..\\test\\itlDragonTest\\itlDragonTest.vcproj
		SccLocalPath2 = ..
		SccProjectFilePathRelativizedFromConnection2 = test\\itlDragonTest\\
	EndGlobalSection
	GlobalSection(SolutionConfigurationPlatforms) = preSolution
		Debug|Win32 = Debug|Win32
		Release|Win32 = Release|Win32
	EndGlobalSection
	GlobalSection(ProjectConfigurationPlatforms) = postSolution
		{EB6AF2EF-1483-4B1E-91A7-8D0B440AC624}.Debug|Win32.ActiveCfg = Debug|Win32
		{EB6AF2EF-1483-4B1E-91A7-8D0B440AC624}.Debug|Win32.Build.0 = Debug|Win32
		{EB6AF2EF-1483-4B1E-91A7-8D0B440AC624}.Release|Win32.ActiveCfg = Release|Win32
		{EB6AF2EF-1483-4B1E-91A7-8D0B440AC624}.Release|Win32.Build.0 = Release|Win32
		{3819B60D-FDCF-4DDF-B213-6EAC216E3285}.Debug|Win32.ActiveCfg = Debug|Win32
		{3819B60D-FDCF-4DDF-B213-6EAC216E3285}.Debug|Win32.Build.0 = Debug|Win32
		{3819B60D-FDCF-4DDF-B213-6EAC216E3285}.Release|Win32.ActiveCfg = Release|Win32
		{3819B60D-FDCF-4DDF-B213-6EAC216E3285}.Release|Win32.Build.0 = Release|Win32
	EndGlobalSection
	GlobalSection(SolutionProperties) = preSolution
		HideSolutionNode = FALSE
	EndGlobalSection
EndGlobal
